// !$*UTF8*$!
{
	archiveVersion = 1;
	classes = {
	};
	objectVersion = 52;
	objects = {

/* Begin PBXBuildFile section */
		DD0A9ED12530F907003C3870 /* NetworkService.swift in Sources */ = {isa = PBXBuildFile; fileRef = DD0A9ED02530F907003C3870 /* NetworkService.swift */; };
		DD0E0B782529E367009C83F3 /* AppDelegate.swift in Sources */ = {isa = PBXBuildFile; fileRef = DD0E0B772529E367009C83F3 /* AppDelegate.swift */; };
		DD0E0B7A2529E367009C83F3 /* MainScreenContentView.swift in Sources */ = {isa = PBXBuildFile; fileRef = DD0E0B792529E367009C83F3 /* MainScreenContentView.swift */; };
		DD0E0B7C2529E369009C83F3 /* Assets.xcassets in Resources */ = {isa = PBXBuildFile; fileRef = DD0E0B7B2529E369009C83F3 /* Assets.xcassets */; };
		DD0E0B7F2529E369009C83F3 /* Preview Assets.xcassets in Resources */ = {isa = PBXBuildFile; fileRef = DD0E0B7E2529E369009C83F3 /* Preview Assets.xcassets */; };
		DD0E0B822529E369009C83F3 /* Main.storyboard in Resources */ = {isa = PBXBuildFile; fileRef = DD0E0B802529E369009C83F3 /* Main.storyboard */; };
		DD0E0B8D252A11F3009C83F3 /* GlamourAbsolute_Regular.otf in Resources */ = {isa = PBXBuildFile; fileRef = DD0E0B8C252A11F3009C83F3 /* GlamourAbsolute_Regular.otf */; };
		DD0E0B91252A1A2A009C83F3 /* Charts in Frameworks */ = {isa = PBXBuildFile; productRef = DD0E0B90252A1A2A009C83F3 /* Charts */; };
		DD4C0B2A25458697000ECFDB /* NSTableExtensions.swift in Sources */ = {isa = PBXBuildFile; fileRef = DD4C0B2925458697000ECFDB /* NSTableExtensions.swift */; };
		DD4C0B3D2545E3D9000ECFDB /* Introspect in Frameworks */ = {isa = PBXBuildFile; productRef = DD4C0B3C2545E3D9000ECFDB /* Introspect */; };
		DD64A1482531CFE900E80058 /* WeatherService.swift in Sources */ = {isa = PBXBuildFile; fileRef = DD64A1472531CFE900E80058 /* WeatherService.swift */; };
		DD64A14B2531D94B00E80058 /* WeatherHour.swift in Sources */ = {isa = PBXBuildFile; fileRef = DD64A14A2531D94B00E80058 /* WeatherHour.swift */; };
		DD68379225317F10004EE805 /* LocationService.swift in Sources */ = {isa = PBXBuildFile; fileRef = DD68379125317F10004EE805 /* LocationService.swift */; };
		DDE97B0C253CDE2000ACCC31 /* DayView.swift in Sources */ = {isa = PBXBuildFile; fileRef = DDE97B0B253CDE2000ACCC31 /* DayView.swift */; };
/* End PBXBuildFile section */

/* Begin PBXFileReference section */
		DD0A9ED02530F907003C3870 /* NetworkService.swift */ = {isa = PBXFileReference; lastKnownFileType = sourcecode.swift; path = NetworkService.swift; sourceTree = "<group>"; };
		DD0E0B742529E367009C83F3 /* DailyDashboard.app */ = {isa = PBXFileReference; explicitFileType = wrapper.application; includeInIndex = 0; path = DailyDashboard.app; sourceTree = BUILT_PRODUCTS_DIR; };
		DD0E0B772529E367009C83F3 /* AppDelegate.swift */ = {isa = PBXFileReference; lastKnownFileType = sourcecode.swift; path = AppDelegate.swift; sourceTree = "<group>"; };
		DD0E0B792529E367009C83F3 /* MainScreenContentView.swift */ = {isa = PBXFileReference; lastKnownFileType = sourcecode.swift; name = MainScreenContentView.swift; path = DailyDashboard/MainScreenContentView.swift; sourceTree = SOURCE_ROOT; };
		DD0E0B7B2529E369009C83F3 /* Assets.xcassets */ = {isa = PBXFileReference; lastKnownFileType = folder.assetcatalog; path = Assets.xcassets; sourceTree = "<group>"; };
		DD0E0B7E2529E369009C83F3 /* Preview Assets.xcassets */ = {isa = PBXFileReference; lastKnownFileType = folder.assetcatalog; path = "Preview Assets.xcassets"; sourceTree = "<group>"; };
		DD0E0B812529E369009C83F3 /* Base */ = {isa = PBXFileReference; lastKnownFileType = file.storyboard; name = Base; path = Base.lproj/Main.storyboard; sourceTree = "<group>"; };
		DD0E0B832529E369009C83F3 /* Info.plist */ = {isa = PBXFileReference; lastKnownFileType = text.plist.xml; path = Info.plist; sourceTree = "<group>"; };
		DD0E0B842529E369009C83F3 /* DailyDashboard.entitlements */ = {isa = PBXFileReference; lastKnownFileType = text.plist.entitlements; path = DailyDashboard.entitlements; sourceTree = "<group>"; };
		DD0E0B8C252A11F3009C83F3 /* GlamourAbsolute_Regular.otf */ = {isa = PBXFileReference; lastKnownFileType = file; path = GlamourAbsolute_Regular.otf; sourceTree = "<group>"; };
		DD4C0B2925458697000ECFDB /* NSTableExtensions.swift */ = {isa = PBXFileReference; lastKnownFileType = sourcecode.swift; path = NSTableExtensions.swift; sourceTree = "<group>"; };
		DD64A1472531CFE900E80058 /* WeatherService.swift */ = {isa = PBXFileReference; lastKnownFileType = sourcecode.swift; path = WeatherService.swift; sourceTree = "<group>"; };
		DD64A14A2531D94B00E80058 /* WeatherHour.swift */ = {isa = PBXFileReference; lastKnownFileType = sourcecode.swift; path = WeatherHour.swift; sourceTree = "<group>"; };
		DD68379125317F10004EE805 /* LocationService.swift */ = {isa = PBXFileReference; lastKnownFileType = sourcecode.swift; path = LocationService.swift; sourceTree = "<group>"; };
		DDE97B0B253CDE2000ACCC31 /* DayView.swift */ = {isa = PBXFileReference; lastKnownFileType = sourcecode.swift; path = DayView.swift; sourceTree = "<group>"; };
/* End PBXFileReference section */

/* Begin PBXFrameworksBuildPhase section */
		DD0E0B712529E367009C83F3 /* Frameworks */ = {
			isa = PBXFrameworksBuildPhase;
			buildActionMask = 2147483647;
			files = (
				DD0E0B91252A1A2A009C83F3 /* Charts in Frameworks */,
				DD4C0B3D2545E3D9000ECFDB /* Introspect in Frameworks */,
			);
			runOnlyForDeploymentPostprocessing = 0;
		};
/* End PBXFrameworksBuildPhase section */

/* Begin PBXGroup section */
		DD0E0B6B2529E367009C83F3 = {
			isa = PBXGroup;
			children = (
				DD0E0B762529E367009C83F3 /* DailyDashboard */,
				DD0E0B752529E367009C83F3 /* Products */,
			);
			sourceTree = "<group>";
		};
		DD0E0B752529E367009C83F3 /* Products */ = {
			isa = PBXGroup;
			children = (
				DD0E0B742529E367009C83F3 /* DailyDashboard.app */,
			);
			name = Products;
			sourceTree = "<group>";
		};
		DD0E0B762529E367009C83F3 /* DailyDashboard */ = {
			isa = PBXGroup;
			children = (
				DD0E0B772529E367009C83F3 /* AppDelegate.swift */,
				DD64A1472531CFE900E80058 /* WeatherService.swift */,
				DD0E0B792529E367009C83F3 /* MainScreenContentView.swift */,
				DDE97B0B253CDE2000ACCC31 /* DayView.swift */,
				DD0A9ED02530F907003C3870 /* NetworkService.swift */,
				DD64A14A2531D94B00E80058 /* WeatherHour.swift */,
				DD4C0B2925458697000ECFDB /* NSTableExtensions.swift */,
				DD68379125317F10004EE805 /* LocationService.swift */,
				DD0E0B7B2529E369009C83F3 /* Assets.xcassets */,
				DD0E0B802529E369009C83F3 /* Main.storyboard */,
				DD0E0B832529E369009C83F3 /* Info.plist */,
				DD0E0B842529E369009C83F3 /* DailyDashboard.entitlements */,
				DD0E0B8E252A11FD009C83F3 /* Fonts */,
				DD0E0B7D2529E369009C83F3 /* Preview Content */,
			);
			path = DailyDashboard;
			sourceTree = "<group>";
		};
		DD0E0B7D2529E369009C83F3 /* Preview Content */ = {
			isa = PBXGroup;
			children = (
				DD0E0B7E2529E369009C83F3 /* Preview Assets.xcassets */,
			);
			path = "Preview Content";
			sourceTree = "<group>";
		};
		DD0E0B8E252A11FD009C83F3 /* Fonts */ = {
			isa = PBXGroup;
			children = (
				DD0E0B8C252A11F3009C83F3 /* GlamourAbsolute_Regular.otf */,
			);
			path = Fonts;
			sourceTree = "<group>";
		};
/* End PBXGroup section */

/* Begin PBXNativeTarget section */
		DD0E0B732529E367009C83F3 /* DailyDashboard */ = {
			isa = PBXNativeTarget;
			buildConfigurationList = DD0E0B872529E369009C83F3 /* Build configuration list for PBXNativeTarget "DailyDashboard" */;
			buildPhases = (
				DD0E0B702529E367009C83F3 /* Sources */,
				DD0E0B712529E367009C83F3 /* Frameworks */,
				DD0E0B722529E367009C83F3 /* Resources */,
			);
			buildRules = (
			);
			dependencies = (
			);
			name = DailyDashboard;
			packageProductDependencies = (
				DD0E0B90252A1A2A009C83F3 /* Charts */,
				DD4C0B3C2545E3D9000ECFDB /* Introspect */,
			);
			productName = DailyDashboard;
			productReference = DD0E0B742529E367009C83F3 /* DailyDashboard.app */;
			productType = "com.apple.product-type.application";
		};
/* End PBXNativeTarget section */

/* Begin PBXProject section */
		DD0E0B6C2529E367009C83F3 /* Project object */ = {
			isa = PBXProject;
			attributes = {
				LastSwiftUpdateCheck = 1160;
				LastUpgradeCheck = 1220;
				ORGANIZATIONNAME = "Alexander Kvamme";
				TargetAttributes = {
					DD0E0B732529E367009C83F3 = {
						CreatedOnToolsVersion = 11.6;
					};
				};
			};
			buildConfigurationList = DD0E0B6F2529E367009C83F3 /* Build configuration list for PBXProject "DailyDashboard" */;
			compatibilityVersion = "Xcode 9.3";
			developmentRegion = en;
			hasScannedForEncodings = 0;
			knownRegions = (
				en,
				Base,
			);
			mainGroup = DD0E0B6B2529E367009C83F3;
			packageReferences = (
				DD0E0B8F252A1A2A009C83F3 /* XCRemoteSwiftPackageReference "swiftui-charts" */,
				DD4C0B3B2545E3D9000ECFDB /* XCRemoteSwiftPackageReference "SwiftUI-Introspect" */,
			);
			productRefGroup = DD0E0B752529E367009C83F3 /* Products */;
			projectDirPath = "";
			projectRoot = "";
			targets = (
				DD0E0B732529E367009C83F3 /* DailyDashboard */,
			);
		};
/* End PBXProject section */

/* Begin PBXResourcesBuildPhase section */
		DD0E0B722529E367009C83F3 /* Resources */ = {
			isa = PBXResourcesBuildPhase;
			buildActionMask = 2147483647;
			files = (
				DD0E0B822529E369009C83F3 /* Main.storyboard in Resources */,
				DD0E0B8D252A11F3009C83F3 /* GlamourAbsolute_Regular.otf in Resources */,
				DD0E0B7F2529E369009C83F3 /* Preview Assets.xcassets in Resources */,
				DD0E0B7C2529E369009C83F3 /* Assets.xcassets in Resources */,
			);
			runOnlyForDeploymentPostprocessing = 0;
		};
/* End PBXResourcesBuildPhase section */

/* Begin PBXSourcesBuildPhase section */
		DD0E0B702529E367009C83F3 /* Sources */ = {
			isa = PBXSourcesBuildPhase;
			buildActionMask = 2147483647;
			files = (
				DD0A9ED12530F907003C3870 /* NetworkService.swift in Sources */,
				DDE97B0C253CDE2000ACCC31 /* DayView.swift in Sources */,
				DD68379225317F10004EE805 /* LocationService.swift in Sources */,
				DD0E0B7A2529E367009C83F3 /* MainScreenContentView.swift in Sources */,
				DD64A1482531CFE900E80058 /* WeatherService.swift in Sources */,
				DD4C0B2A25458697000ECFDB /* NSTableExtensions.swift in Sources */,
				DD64A14B2531D94B00E80058 /* WeatherHour.swift in Sources */,
				DD0E0B782529E367009C83F3 /* AppDelegate.swift in Sources */,
			);
			runOnlyForDeploymentPostprocessing = 0;
		};
/* End PBXSourcesBuildPhase section */

/* Begin PBXVariantGroup section */
		DD0E0B802529E369009C83F3 /* Main.storyboard */ = {
			isa = PBXVariantGroup;
			children = (
				DD0E0B812529E369009C83F3 /* Base */,
			);
			name = Main.storyboard;
			sourceTree = "<group>";
		};
/* End PBXVariantGroup section */

/* Begin XCBuildConfiguration section */
		DD0E0B852529E369009C83F3 /* Debug */ = {
			isa = XCBuildConfiguration;
			buildSettings = {
				ALWAYS_SEARCH_USER_PATHS = NO;
				CLANG_ANALYZER_NONNULL = YES;
				CLANG_ANALYZER_NUMBER_OBJECT_CONVERSION = YES_AGGRESSIVE;
				CLANG_CXX_LANGUAGE_STANDARD = "gnu++14";
				CLANG_CXX_LIBRARY = "libc++";
				CLANG_ENABLE_MODULES = YES;
				CLANG_ENABLE_OBJC_ARC = YES;
				CLANG_ENABLE_OBJC_WEAK = YES;
				CLANG_WARN_BLOCK_CAPTURE_AUTORELEASING = YES;
				CLANG_WARN_BOOL_CONVERSION = YES;
				CLANG_WARN_COMMA = YES;
				CLANG_WARN_CONSTANT_CONVERSION = YES;
				CLANG_WARN_DEPRECATED_OBJC_IMPLEMENTATIONS = YES;
				CLANG_WARN_DIRECT_OBJC_ISA_USAGE = YES_ERROR;
				CLANG_WARN_DOCUMENTATION_COMMENTS = YES;
				CLANG_WARN_EMPTY_BODY = YES;
				CLANG_WARN_ENUM_CONVERSION = YES;
				CLANG_WARN_INFINITE_RECURSION = YES;
				CLANG_WARN_INT_CONVERSION = YES;
				CLANG_WARN_NON_LITERAL_NULL_CONVERSION = YES;
				CLANG_WARN_OBJC_IMPLICIT_RETAIN_SELF = YES;
				CLANG_WARN_OBJC_LITERAL_CONVERSION = YES;
				CLANG_WARN_OBJC_ROOT_CLASS = YES_ERROR;
				CLANG_WARN_RANGE_LOOP_ANALYSIS = YES;
				CLANG_WARN_STRICT_PROTOTYPES = YES;
				CLANG_WARN_SUSPICIOUS_MOVE = YES;
				CLANG_WARN_UNGUARDED_AVAILABILITY = YES_AGGRESSIVE;
				CLANG_WARN_UNREACHABLE_CODE = YES;
				CLANG_WARN__DUPLICATE_METHOD_MATCH = YES;
				COPY_PHASE_STRIP = NO;
				DEBUG_INFORMATION_FORMAT = dwarf;
				ENABLE_STRICT_OBJC_MSGSEND = YES;
				ENABLE_TESTABILITY = YES;
				GCC_C_LANGUAGE_STANDARD = gnu11;
				GCC_DYNAMIC_NO_PIC = NO;
				GCC_NO_COMMON_BLOCKS = YES;
				GCC_OPTIMIZATION_LEVEL = 0;
				GCC_PREPROCESSOR_DEFINITIONS = (
					"DEBUG=1",
					"$(inherited)",
				);
				GCC_WARN_64_TO_32_BIT_CONVERSION = YES;
				GCC_WARN_ABOUT_RETURN_TYPE = YES_ERROR;
				GCC_WARN_UNDECLARED_SELECTOR = YES;
				GCC_WARN_UNINITIALIZED_AUTOS = YES_AGGRESSIVE;
				GCC_WARN_UNUSED_FUNCTION = YES;
				GCC_WARN_UNUSED_VARIABLE = YES;
				MACOSX_DEPLOYMENT_TARGET = 11.0;
				MTL_ENABLE_DEBUG_INFO = INCLUDE_SOURCE;
				MTL_FAST_MATH = YES;
				ONLY_ACTIVE_ARCH = YES;
				SDKROOT = macosx;
				SWIFT_ACTIVE_COMPILATION_CONDITIONS = DEBUG;
				SWIFT_OPTIMIZATION_LEVEL = "-Onone";
			};
			name = Debug;
		};
		DD0E0B862529E369009C83F3 /* Release */ = {
			isa = XCBuildConfiguration;
			buildSettings = {
				ALWAYS_SEARCH_USER_PATHS = NO;
				CLANG_ANALYZER_NONNULL = YES;
				CLANG_ANALYZER_NUMBER_OBJECT_CONVERSION = YES_AGGRESSIVE;
				CLANG_CXX_LANGUAGE_STANDARD = "gnu++14";
				CLANG_CXX_LIBRARY = "libc++";
				CLANG_ENABLE_MODULES = YES;
				CLANG_ENABLE_OBJC_ARC = YES;
				CLANG_ENABLE_OBJC_WEAK = YES;
				CLANG_WARN_BLOCK_CAPTURE_AUTORELEASING = YES;
				CLANG_WARN_BOOL_CONVERSION = YES;
				CLANG_WARN_COMMA = YES;
				CLANG_WARN_CONSTANT_CONVERSION = YES;
				CLANG_WARN_DEPRECATED_OBJC_IMPLEMENTATIONS = YES;
				CLANG_WARN_DIRECT_OBJC_ISA_USAGE = YES_ERROR;
				CLANG_WARN_DOCUMENTATION_COMMENTS = YES;
				CLANG_WARN_EMPTY_BODY = YES;
				CLANG_WARN_ENUM_CONVERSION = YES;
				CLANG_WARN_INFINITE_RECURSION = YES;
				CLANG_WARN_INT_CONVERSION = YES;
				CLANG_WARN_NON_LITERAL_NULL_CONVERSION = YES;
				CLANG_WARN_OBJC_IMPLICIT_RETAIN_SELF = YES;
				CLANG_WARN_OBJC_LITERAL_CONVERSION = YES;
				CLANG_WARN_OBJC_ROOT_CLASS = YES_ERROR;
				CLANG_WARN_RANGE_LOOP_ANALYSIS = YES;
				CLANG_WARN_STRICT_PROTOTYPES = YES;
				CLANG_WARN_SUSPICIOUS_MOVE = YES;
				CLANG_WARN_UNGUARDED_AVAILABILITY = YES_AGGRESSIVE;
				CLANG_WARN_UNREACHABLE_CODE = YES;
				CLANG_WARN__DUPLICATE_METHOD_MATCH = YES;
				COPY_PHASE_STRIP = NO;
				DEBUG_INFORMATION_FORMAT = "dwarf-with-dsym";
				ENABLE_NS_ASSERTIONS = NO;
				ENABLE_STRICT_OBJC_MSGSEND = YES;
				GCC_C_LANGUAGE_STANDARD = gnu11;
				GCC_NO_COMMON_BLOCKS = YES;
				GCC_WARN_64_TO_32_BIT_CONVERSION = YES;
				GCC_WARN_ABOUT_RETURN_TYPE = YES_ERROR;
				GCC_WARN_UNDECLARED_SELECTOR = YES;
				GCC_WARN_UNINITIALIZED_AUTOS = YES_AGGRESSIVE;
				GCC_WARN_UNUSED_FUNCTION = YES;
				GCC_WARN_UNUSED_VARIABLE = YES;
				MACOSX_DEPLOYMENT_TARGET = 11.0;
				MTL_ENABLE_DEBUG_INFO = NO;
				MTL_FAST_MATH = YES;
				SDKROOT = macosx;
				SWIFT_COMPILATION_MODE = wholemodule;
				SWIFT_OPTIMIZATION_LEVEL = "-O";
			};
			name = Release;
		};
		DD0E0B882529E369009C83F3 /* Debug */ = {
			isa = XCBuildConfiguration;
			buildSettings = {
				ASSETCATALOG_COMPILER_APPICON_NAME = AppIcon;
				CODE_SIGN_ENTITLEMENTS = DailyDashboard/DailyDashboard.entitlements;
				CODE_SIGN_STYLE = Automatic;
				COMBINE_HIDPI_IMAGES = YES;
				DEVELOPMENT_ASSET_PATHS = "\"DailyDashboard/Preview Content\"";
				DEVELOPMENT_TEAM = B5GRZ5GU65;
				ENABLE_HARDENED_RUNTIME = YES;
				ENABLE_PREVIEWS = YES;
				INFOPLIST_FILE = DailyDashboard/Info.plist;
				LD_RUNPATH_SEARCH_PATHS = (
					"$(inherited)",
					"@executable_path/../Frameworks",
				);
				MACOSX_DEPLOYMENT_TARGET = 11.0;
				PRODUCT_BUNDLE_IDENTIFIER = HomeOfficesInternational.DailyDashboard;
				PRODUCT_NAME = "$(TARGET_NAME)";
				SWIFT_VERSION = 5.0;
			};
			name = Debug;
		};
		DD0E0B892529E369009C83F3 /* Release */ = {
			isa = XCBuildConfiguration;
			buildSettings = {
				ASSETCATALOG_COMPILER_APPICON_NAME = AppIcon;
				CODE_SIGN_ENTITLEMENTS = DailyDashboard/DailyDashboard.entitlements;
				CODE_SIGN_STYLE = Automatic;
				COMBINE_HIDPI_IMAGES = YES;
				DEVELOPMENT_ASSET_PATHS = "\"DailyDashboard/Preview Content\"";
				DEVELOPMENT_TEAM = B5GRZ5GU65;
				ENABLE_HARDENED_RUNTIME = YES;
				ENABLE_PREVIEWS = YES;
				INFOPLIST_FILE = DailyDashboard/Info.plist;
				LD_RUNPATH_SEARCH_PATHS = (
					"$(inherited)",
					"@executable_path/../Frameworks",
				);
				MACOSX_DEPLOYMENT_TARGET = 11.0;
				PRODUCT_BUNDLE_IDENTIFIER = HomeOfficesInternational.DailyDashboard;
				PRODUCT_NAME = "$(TARGET_NAME)";
				SWIFT_VERSION = 5.0;
			};
			name = Release;
		};
/* End XCBuildConfiguration section */

/* Begin XCConfigurationList section */
		DD0E0B6F2529E367009C83F3 /* Build configuration list for PBXProject "DailyDashboard" */ = {
			isa = XCConfigurationList;
			buildConfigurations = (
				DD0E0B852529E369009C83F3 /* Debug */,
				DD0E0B862529E369009C83F3 /* Release */,
			);
			defaultConfigurationIsVisible = 0;
			defaultConfigurationName = Release;
		};
		DD0E0B872529E369009C83F3 /* Build configuration list for PBXNativeTarget "DailyDashboard" */ = {
			isa = XCConfigurationList;
			buildConfigurations = (
				DD0E0B882529E369009C83F3 /* Debug */,
				DD0E0B892529E369009C83F3 /* Release */,
			);
			defaultConfigurationIsVisible = 0;
			defaultConfigurationName = Release;
		};
/* End XCConfigurationList section */

/* Begin XCRemoteSwiftPackageReference section */
		DD0E0B8F252A1A2A009C83F3 /* XCRemoteSwiftPackageReference "swiftui-charts" */ = {
			isa = XCRemoteSwiftPackageReference;
			repositoryURL = "https://github.com/swift-extensions/swiftui-charts";
			requirement = {
				kind = upToNextMajorVersion;
				minimumVersion = 0.1.0;
			};
		};
		DD4C0B3B2545E3D9000ECFDB /* XCRemoteSwiftPackageReference "SwiftUI-Introspect" */ = {
			isa = XCRemoteSwiftPackageReference;
			repositoryURL = "https://github.com/siteline/SwiftUI-Introspect";
			requirement = {
				branch = master;
				kind = branch;
			};
		};
/* End XCRemoteSwiftPackageReference section */

/* Begin XCSwiftPackageProductDependency section */
		DD0E0B90252A1A2A009C83F3 /* Charts */ = {
			isa = XCSwiftPackageProductDependency;
			package = DD0E0B8F252A1A2A009C83F3 /* XCRemoteSwiftPackageReference "swiftui-charts" */;
			productName = Charts;
		};
		DD4C0B3C2545E3D9000ECFDB /* Introspect */ = {
			isa = XCSwiftPackageProductDependency;
			package = DD4C0B3B2545E3D9000ECFDB /* XCRemoteSwiftPackageReference "SwiftUI-Introspect" */;
			productName = Introspect;
		};
/* End XCSwiftPackageProductDependency section */
	};
	rootObject = DD0E0B6C2529E367009C83F3 /* Project object */;
}
